
Microsoft Visual Studio Solution File, Format Version 12.00
Project("{FAE04EC0-301F-11D3-BF4B-00C04F79EFBC}") = "Sessions.AspNetCore.HelloWorld", "Sessions.AspNetCore.HelloWorld\Sessions.AspNetCore.HelloWorld.csproj", "{9BA7FB04-8676-48C5-857E-9C585146DD1A}"
EndProject
Project("{FAE04EC0-301F-11D3-BF4B-00C04F79EFBC}") = "Sessions.AspNetCore.DependencyInjection", "Sessions.AspNetCore.DependencyInjection\Sessions.AspNetCore.DependencyInjection.csproj", "{6A97F652-DABE-4DD0-A1DF-D2436229B473}"
EndProject
Project("{FAE04EC0-301F-11D3-BF4B-00C04F79EFBC}") = "Sessions.AspNetCore.Swagger", "Sessions.AspNetCore.Swagger\Sessions.AspNetCore.Swagger.csproj", "{421B8054-8EDA-42EB-A5F7-1B39B8D9ED23}"
EndProject
Global
	GlobalSection(SolutionConfigurationPlatforms) = preSolution
		Debug|Any CPU = Debug|Any CPU
		Release|Any CPU = Release|Any CPU
	EndGlobalSection
	GlobalSection(ProjectConfigurationPlatforms) = postSolution
		{9BA7FB04-8676-48C5-857E-9C585146DD1A}.Debug|Any CPU.ActiveCfg = Debug|Any CPU
		{9BA7FB04-8676-48C5-857E-9C585146DD1A}.Debug|Any CPU.Build.0 = Debug|Any CPU
		{9BA7FB04-8676-48C5-857E-9C585146DD1A}.Release|Any CPU.ActiveCfg = Release|Any CPU
		{9BA7FB04-8676-48C5-857E-9C585146DD1A}.Release|Any CPU.Build.0 = Release|Any CPU
		{6A97F652-DABE-4DD0-A1DF-D2436229B473}.Debug|Any CPU.ActiveCfg = Debug|Any CPU
		{6A97F652-DABE-4DD0-A1DF-D2436229B473}.Debug|Any CPU.Build.0 = Debug|Any CPU
		{6A97F652-DABE-4DD0-A1DF-D2436229B473}.Release|Any CPU.ActiveCfg = Release|Any CPU
		{6A97F652-DABE-4DD0-A1DF-D2436229B473}.Release|Any CPU.Build.0 = Release|Any CPU
		{421B8054-8EDA-42EB-A5F7-1B39B8D9ED23}.Debug|Any CPU.ActiveCfg = Debug|Any CPU
		{421B8054-8EDA-42EB-A5F7-1B39B8D9ED23}.Debug|Any CPU.Build.0 = Debug|Any CPU
		{421B8054-8EDA-42EB-A5F7-1B39B8D9ED23}.Release|Any CPU.ActiveCfg = Release|Any CPU
		{421B8054-8EDA-42EB-A5F7-1B39B8D9ED23}.Release|Any CPU.Build.0 = Release|Any CPU
	EndGlobalSection
EndGlobal
